// !$*UTF8*$!
{
	archiveVersion = 1;
	classes = {
	};
	objectVersion = 50;
	objects = {

/* Begin PBXBuildFile section */
		8FA6B2E124262EE700B6602F /* AppDelegate.swift in Sources */ = {isa = PBXBuildFile; fileRef = 8FA6B2E024262EE700B6602F /* AppDelegate.swift */; };
		8FA6B2E324262EE700B6602F /* SceneDelegate.swift in Sources */ = {isa = PBXBuildFile; fileRef = 8FA6B2E224262EE700B6602F /* SceneDelegate.swift */; };
		8FA6B2EA24262EE900B6602F /* Assets.xcassets in Resources */ = {isa = PBXBuildFile; fileRef = 8FA6B2E924262EE900B6602F /* Assets.xcassets */; };
		8FA6B2ED24262EE900B6602F /* LaunchScreen.storyboard in Resources */ = {isa = PBXBuildFile; fileRef = 8FA6B2EB24262EE900B6602F /* LaunchScreen.storyboard */; };
		8FA6B2F624262F0E00B6602F /* ViewController.swift in Sources */ = {isa = PBXBuildFile; fileRef = 8FA6B2F424262F0E00B6602F /* ViewController.swift */; };
		8FA6B2F724262F0E00B6602F /* ViewController.xib in Resources */ = {isa = PBXBuildFile; fileRef = 8FA6B2F524262F0E00B6602F /* ViewController.xib */; };
/* End PBXBuildFile section */

/* Begin PBXFileReference section */
		8FA6B2DD24262EE700B6602F /* ScrollTheStack.app */ = {isa = PBXFileReference; explicitFileType = wrapper.application; includeInIndex = 0; path = ScrollTheStack.app; sourceTree = BUILT_PRODUCTS_DIR; };
		8FA6B2E024262EE700B6602F /* AppDelegate.swift */ = {isa = PBXFileReference; lastKnownFileType = sourcecode.swift; path = AppDelegate.swift; sourceTree = "<group>"; };
		8FA6B2E224262EE700B6602F /* SceneDelegate.swift */ = {isa = PBXFileReference; lastKnownFileType = sourcecode.swift; path = SceneDelegate.swift; sourceTree = "<group>"; };
		8FA6B2E924262EE900B6602F /* Assets.xcassets */ = {isa = PBXFileReference; lastKnownFileType = folder.assetcatalog; path = Assets.xcassets; sourceTree = "<group>"; };
		8FA6B2EC24262EE900B6602F /* Base */ = {isa = PBXFileReference; lastKnownFileType = file.storyboard; name = Base; path = Base.lproj/LaunchScreen.storyboard; sourceTree = "<group>"; };
		8FA6B2EE24262EE900B6602F /* Info.plist */ = {isa = PBXFileReference; lastKnownFileType = text.plist.xml; path = Info.plist; sourceTree = "<group>"; };
		8FA6B2F424262F0E00B6602F /* ViewController.swift */ = {isa = PBXFileReference; lastKnownFileType = sourcecode.swift; path = ViewController.swift; sourceTree = "<group>"; };
		8FA6B2F524262F0E00B6602F /* ViewController.xib */ = {isa = PBXFileReference; lastKnownFileType = file.xib; path = ViewController.xib; sourceTree = "<group>"; };
/* End PBXFileReference section */

/* Begin PBXFrameworksBuildPhase section */
		8FA6B2DA24262EE700B6602F /* Frameworks */ = {
			isa = PBXFrameworksBuildPhase;
			buildActionMask = 2147483647;
			files = (
			);
			runOnlyForDeploymentPostprocessing = 0;
		};
/* End PBXFrameworksBuildPhase section */

/* Begin PBXGroup section */
		8FA6B2D424262EE700B6602F = {
			isa = PBXGroup;
			children = (
				8FA6B2DF24262EE700B6602F /* ScrollTheStack */,
				8FA6B2DE24262EE700B6602F /* Products */,
			);
			sourceTree = "<group>";
		};
		8FA6B2DE24262EE700B6602F /* Products */ = {
			isa = PBXGroup;
			children = (
				8FA6B2DD24262EE700B6602F /* ScrollTheStack.app */,
			);
			name = Products;
			sourceTree = "<group>";
		};
		8FA6B2DF24262EE700B6602F /* ScrollTheStack */ = {
			isa = PBXGroup;
			children = (
				8FA6B2F824262F1B00B6602F /* views */,
				8FA6B2E024262EE700B6602F /* AppDelegate.swift */,
				8FA6B2E224262EE700B6602F /* SceneDelegate.swift */,
				8FA6B2E924262EE900B6602F /* Assets.xcassets */,
				8FA6B2EB24262EE900B6602F /* LaunchScreen.storyboard */,
				8FA6B2EE24262EE900B6602F /* Info.plist */,
			);
			path = ScrollTheStack;
			sourceTree = "<group>";
		};
		8FA6B2F824262F1B00B6602F /* views */ = {
			isa = PBXGroup;
			children = (
				8FA6B2F424262F0E00B6602F /* ViewController.swift */,
				8FA6B2F524262F0E00B6602F /* ViewController.xib */,
			);
			path = views;
			sourceTree = "<group>";
		};
/* End PBXGroup section */

/* Begin PBXNativeTarget section */
		8FA6B2DC24262EE700B6602F /* ScrollTheStack */ = {
			isa = PBXNativeTarget;
			buildConfigurationList = 8FA6B2F124262EE900B6602F /* Build configuration list for PBXNativeTarget "ScrollTheStack" */;
			buildPhases = (
				8FA6B2D924262EE700B6602F /* Sources */,
				8FA6B2DA24262EE700B6602F /* Frameworks */,
				8FA6B2DB24262EE700B6602F /* Resources */,
			);
			buildRules = (
			);
			dependencies = (
			);
			name = ScrollTheStack;
			productName = ScrollTheStack;
			productReference = 8FA6B2DD24262EE700B6602F /* ScrollTheStack.app */;
			productType = "com.apple.product-type.application";
		};
/* End PBXNativeTarget section */

/* Begin PBXProject section */
		8FA6B2D524262EE700B6602F /* Project object */ = {
			isa = PBXProject;
			attributes = {
				LastSwiftUpdateCheck = 1130;
				LastUpgradeCheck = 1130;
				ORGANIZATIONNAME = Yefga;
				TargetAttributes = {
					8FA6B2DC24262EE700B6602F = {
						CreatedOnToolsVersion = 11.3;
					};
				};
			};
			buildConfigurationList = 8FA6B2D824262EE700B6602F /* Build configuration list for PBXProject "ScrollTheStack" */;
			compatibilityVersion = "Xcode 9.3";
			developmentRegion = en;
			hasScannedForEncodings = 0;
			knownRegions = (
				en,
				Base,
			);
			mainGroup = 8FA6B2D424262EE700B6602F;
			productRefGroup = 8FA6B2DE24262EE700B6602F /* Products */;
			projectDirPath = "";
			projectRoot = "";
			targets = (
				8FA6B2DC24262EE700B6602F /* ScrollTheStack */,
			);
		};
/* End PBXProject section */

/* Begin PBXResourcesBuildPhase section */
		8FA6B2DB24262EE700B6602F /* Resources */ = {
			isa = PBXResourcesBuildPhase;
			buildActionMask = 2147483647;
			files = (
				8FA6B2ED24262EE900B6602F /* LaunchScreen.storyboard in Resources */,
				8FA6B2F724262F0E00B6602F /* ViewController.xib in Resources */,
				8FA6B2EA24262EE900B6602F /* Assets.xcassets in Resources */,
			);
			runOnlyForDeploymentPostprocessing = 0;
		};
/* End PBXResourcesBuildPhase section */

/* Begin PBXSourcesBuildPhase section */
		8FA6B2D924262EE700B6602F /* Sources */ = {
			isa = PBXSourcesBuildPhase;
			buildActionMask = 2147483647;
			files = (
				8FA6B2F624262F0E00B6602F /* ViewController.swift in Sources */,
				8FA6B2E124262EE700B6602F /* AppDelegate.swift in Sources */,
				8FA6B2E324262EE700B6602F /* SceneDelegate.swift in Sources */,
			);
			runOnlyForDeploymentPostprocessing = 0;
		};
/* End PBXSourcesBuildPhase section */

/* Begin PBXVariantGroup section */
		8FA6B2EB24262EE900B6602F /* LaunchScreen.storyboard */ = {
			isa = PBXVariantGroup;
			children = (
				8FA6B2EC24262EE900B6602F /* Base */,
			);
			name = LaunchScreen.storyboard;
			sourceTree = "<group>";
		};
/* End PBXVariantGroup section */

/* Begin XCBuildConfiguration section */
		8FA6B2EF24262EE900B6602F /* Debug */ = {
			isa = XCBuildConfiguration;
			buildSettings = {
				ALWAYS_SEARCH_USER_PATHS = NO;
				CLANG_ANALYZER_NONNULL = YES;
				CLANG_ANALYZER_NUMBER_OBJECT_CONVERSION = YES_AGGRESSIVE;
				CLANG_CXX_LANGUAGE_STANDARD = "gnu++14";
				CLANG_CXX_LIBRARY = "libc++";
				CLANG_ENABLE_MODULES = YES;
				CLANG_ENABLE_OBJC_ARC = YES;
				CLANG_ENABLE_OBJC_WEAK = YES;
				CLANG_WARN_BLOCK_CAPTURE_AUTORELEASING = YES;
				CLANG_WARN_BOOL_CONVERSION = YES;
				CLANG_WARN_COMMA = YES;
				CLANG_WARN_CONSTANT_CONVERSION = YES;
				CLANG_WARN_DEPRECATED_OBJC_IMPLEMENTATIONS = YES;
				CLANG_WARN_DIRECT_OBJC_ISA_USAGE = YES_ERROR;
				CLANG_WARN_DOCUMENTATION_COMMENTS = YES;
				CLANG_WARN_EMPTY_BODY = YES;
				CLANG_WARN_ENUM_CONVERSION = YES;
				CLANG_WARN_INFINITE_RECURSION = YES;
				CLANG_WARN_INT_CONVERSION = YES;
				CLANG_WARN_NON_LITERAL_NULL_CONVERSION = YES;
				CLANG_WARN_OBJC_IMPLICIT_RETAIN_SELF = YES;
				CLANG_WARN_OBJC_LITERAL_CONVERSION = YES;
				CLANG_WARN_OBJC_ROOT_CLASS = YES_ERROR;
				CLANG_WARN_RANGE_LOOP_ANALYSIS = YES;
				CLANG_WARN_STRICT_PROTOTYPES = YES;
				CLANG_WARN_SUSPICIOUS_MOVE = YES;
				CLANG_WARN_UNGUARDED_AVAILABILITY = YES_AGGRESSIVE;
				CLANG_WARN_UNREACHABLE_CODE = YES;
				CLANG_WARN__DUPLICATE_METHOD_MATCH = YES;
				COPY_PHASE_STRIP = NO;
				DEBUG_INFORMATION_FORMAT = dwarf;
				ENABLE_STRICT_OBJC_MSGSEND = YES;
				ENABLE_TESTABILITY = YES;
				GCC_C_LANGUAGE_STANDARD = gnu11;
				GCC_DYNAMIC_NO_PIC = NO;
				GCC_NO_COMMON_BLOCKS = YES;
				GCC_OPTIMIZATION_LEVEL = 0;
				GCC_PREPROCESSOR_DEFINITIONS = (
					"DEBUG=1",
					"$(inherited)",
				);
				GCC_WARN_64_TO_32_BIT_CONVERSION = YES;
				GCC_WARN_ABOUT_RETURN_TYPE = YES_ERROR;
				GCC_WARN_UNDECLARED_SELECTOR = YES;
				GCC_WARN_UNINITIALIZED_AUTOS = YES_AGGRESSIVE;
				GCC_WARN_UNUSED_FUNCTION = YES;
				GCC_WARN_UNUSED_VARIABLE = YES;
				IPHONEOS_DEPLOYMENT_TARGET = 13.2;
				MTL_ENABLE_DEBUG_INFO = INCLUDE_SOURCE;
				MTL_FAST_MATH = YES;
				ONLY_ACTIVE_ARCH = YES;
				SDKROOT = iphoneos;
				SWIFT_ACTIVE_COMPILATION_CONDITIONS = DEBUG;
				SWIFT_OPTIMIZATION_LEVEL = "-Onone";
			};
			name = Debug;
		};
		8FA6B2F024262EE900B6602F /* Release */ = {
			isa = XCBuildConfiguration;
			buildSettings = {
				ALWAYS_SEARCH_USER_PATHS = NO;
				CLANG_ANALYZER_NONNULL = YES;
				CLANG_ANALYZER_NUMBER_OBJECT_CONVERSION = YES_AGGRESSIVE;
				CLANG_CXX_LANGUAGE_STANDARD = "gnu++14";
				CLANG_CXX_LIBRARY = "libc++";
				CLANG_ENABLE_MODULES = YES;
				CLANG_ENABLE_OBJC_ARC = YES;
				CLANG_ENABLE_OBJC_WEAK = YES;
				CLANG_WARN_BLOCK_CAPTURE_AUTORELEASING = YES;
				CLANG_WARN_BOOL_CONVERSION = YES;
				CLANG_WARN_COMMA = YES;
				CLANG_WARN_CONSTANT_CONVERSION = YES;
				CLANG_WARN_DEPRECATED_OBJC_IMPLEMENTATIONS = YES;
				CLANG_WARN_DIRECT_OBJC_ISA_USAGE = YES_ERROR;
				CLANG_WARN_DOCUMENTATION_COMMENTS = YES;
				CLANG_WARN_EMPTY_BODY = YES;
				CLANG_WARN_ENUM_CONVERSION = YES;
				CLANG_WARN_INFINITE_RECURSION = YES;
				CLANG_WARN_INT_CONVERSION = YES;
				CLANG_WARN_NON_LITERAL_NULL_CONVERSION = YES;
				CLANG_WARN_OBJC_IMPLICIT_RETAIN_SELF = YES;
				CLANG_WARN_OBJC_LITERAL_CONVERSION = YES;
				CLANG_WARN_OBJC_ROOT_CLASS = YES_ERROR;
				CLANG_WARN_RANGE_LOOP_ANALYSIS = YES;
				CLANG_WARN_STRICT_PROTOTYPES = YES;
				CLANG_WARN_SUSPICIOUS_MOVE = YES;
				CLANG_WARN_UNGUARDED_AVAILABILITY = YES_AGGRESSIVE;
				CLANG_WARN_UNREACHABLE_CODE = YES;
				CLANG_WARN__DUPLICATE_METHOD_MATCH = YES;
				COPY_PHASE_STRIP = NO;
				DEBUG_INFORMATION_FORMAT = "dwarf-with-dsym";
				ENABLE_NS_ASSERTIONS = NO;
				ENABLE_STRICT_OBJC_MSGSEND = YES;
				GCC_C_LANGUAGE_STANDARD = gnu11;
				GCC_NO_COMMON_BLOCKS = YES;
				GCC_WARN_64_TO_32_BIT_CONVERSION = YES;
				GCC_WARN_ABOUT_RETURN_TYPE = YES_ERROR;
				GCC_WARN_UNDECLARED_SELECTOR = YES;
				GCC_WARN_UNINITIALIZED_AUTOS = YES_AGGRESSIVE;
				GCC_WARN_UNUSED_FUNCTION = YES;
				GCC_WARN_UNUSED_VARIABLE = YES;
				IPHONEOS_DEPLOYMENT_TARGET = 13.2;
				MTL_ENABLE_DEBUG_INFO = NO;
				MTL_FAST_MATH = YES;
				SDKROOT = iphoneos;
				SWIFT_COMPILATION_MODE = wholemodule;
				SWIFT_OPTIMIZATION_LEVEL = "-O";
				VALIDATE_PRODUCT = YES;
			};
			name = Release;
		};
		8FA6B2F224262EE900B6602F /* Debug */ = {
			isa = XCBuildConfiguration;
			buildSettings = {
				ASSETCATALOG_COMPILER_APPICON_NAME = AppIcon;
				CODE_SIGN_STYLE = Automatic;
				DEVELOPMENT_TEAM = 9V3Y7678SR;
				INFOPLIST_FILE = ScrollTheStack/Info.plist;
				LD_RUNPATH_SEARCH_PATHS = (
					"$(inherited)",
					"@executable_path/Frameworks",
				);
				PRODUCT_BUNDLE_IDENTIFIER = com.ScrollTheStack;
				PRODUCT_NAME = "$(TARGET_NAME)";
				SWIFT_VERSION = 5.0;
				TARGETED_DEVICE_FAMILY = "1,2";
			};
			name = Debug;
		};
		8FA6B2F324262EE900B6602F /* Release */ = {
			isa = XCBuildConfiguration;
			buildSettings = {
				ASSETCATALOG_COMPILER_APPICON_NAME = AppIcon;
				CODE_SIGN_STYLE = Automatic;
				DEVELOPMENT_TEAM = 9V3Y7678SR;
				INFOPLIST_FILE = ScrollTheStack/Info.plist;
				LD_RUNPATH_SEARCH_PATHS = (
					"$(inherited)",
					"@executable_path/Frameworks",
				);
				PRODUCT_BUNDLE_IDENTIFIER = com.ScrollTheStack;
				PRODUCT_NAME = "$(TARGET_NAME)";
				SWIFT_VERSION = 5.0;
				TARGETED_DEVICE_FAMILY = "1,2";
			};
			name = Release;
		};
/* End XCBuildConfiguration section */

/* Begin XCConfigurationList section */
		8FA6B2D824262EE700B6602F /* Build configuration list for PBXProject "ScrollTheStack" */ = {
			isa = XCConfigurationList;
			buildConfigurations = (
				8FA6B2EF24262EE900B6602F /* Debug */,
				8FA6B2F024262EE900B6602F /* Release */,
			);
			defaultConfigurationIsVisible = 0;
			defaultConfigurationName = Release;
		};
		8FA6B2F124262EE900B6602F /* Build configuration list for PBXNativeTarget "ScrollTheStack" */ = {
			isa = XCConfigurationList;
			buildConfigurations = (
				8FA6B2F224262EE900B6602F /* Debug */,
				8FA6B2F324262EE900B6602F /* Release */,
			);
			defaultConfigurationIsVisible = 0;
			defaultConfigurationName = Release;
		};
/* End XCConfigurationList section */
	};
	rootObject = 8FA6B2D524262EE700B6602F /* Project object */;
}
